
Microsoft Visual Studio Solution File, Format Version 12.00
# Visual Studio Version 17
VisualStudioVersion = 17.3.32929.385
MinimumVisualStudioVersion = 10.0.40219.1
Project("{FAE04EC0-301F-11D3-BF4B-00C04F79EFBC}") = "Blazor", "Blazor\Blazor.csproj", "{30AD08CF-AA1A-4E2A-9CC3-170959A5A12C}"
EndProject
Project("{FAE04EC0-301F-11D3-BF4B-00C04F79EFBC}") = "Modelos", "Modelos\Modelos.csproj", "{DEDA2AD2-3012-441D-841A-FF3748C094BB}"
EndProject
Project("{FAE04EC0-301F-11D3-BF4B-00C04F79EFBC}") = "Datos", "Datos\Datos.csproj", "{8A584652-320F-4AC1-B8AB-E95E3A29F675}"
EndProject
Global
	GlobalSection(SolutionConfigurationPlatforms) = preSolution
		Debug|Any CPU = Debug|Any CPU
		Release|Any CPU = Release|Any CPU
	EndGlobalSection
	GlobalSection(ProjectConfigurationPlatforms) = postSolution
		{30AD08CF-AA1A-4E2A-9CC3-170959A5A12C}.Debug|Any CPU.ActiveCfg = Debug|Any CPU
		{30AD08CF-AA1A-4E2A-9CC3-170959A5A12C}.Debug|Any CPU.Build.0 = Debug|Any CPU
		{30AD08CF-AA1A-4E2A-9CC3-170959A5A12C}.Release|Any CPU.ActiveCfg = Release|Any CPU
		{30AD08CF-AA1A-4E2A-9CC3-170959A5A12C}.Release|Any CPU.Build.0 = Release|Any CPU
		{DEDA2AD2-3012-441D-841A-FF3748C094BB}.Debug|Any CPU.ActiveCfg = Debug|Any CPU
		{DEDA2AD2-3012-441D-841A-FF3748C094BB}.Debug|Any CPU.Build.0 = Debug|Any CPU
		{DEDA2AD2-3012-441D-841A-FF3748C094BB}.Release|Any CPU.ActiveCfg = Release|Any CPU
		{DEDA2AD2-3012-441D-841A-FF3748C094BB}.Release|Any CPU.Build.0 = Release|Any CPU
		{8A584652-320F-4AC1-B8AB-E95E3A29F675}.Debug|Any CPU.ActiveCfg = Debug|Any CPU
		{8A584652-320F-4AC1-B8AB-E95E3A29F675}.Debug|Any CPU.Build.0 = Debug|Any CPU
		{8A584652-320F-4AC1-B8AB-E95E3A29F675}.Release|Any CPU.ActiveCfg = Release|Any CPU
		{8A584652-320F-4AC1-B8AB-E95E3A29F675}.Release|Any CPU.Build.0 = Release|Any CPU
	EndGlobalSection
	GlobalSection(SolutionProperties) = preSolution
		HideSolutionNode = FALSE
	EndGlobalSection
	GlobalSection(ExtensibilityGlobals) = postSolution
		SolutionGuid = {9E37F38A-766F-4653-B3EC-923A68D7C1AF}
	EndGlobalSection
EndGlobal
